// !$*UTF8*$!
{
	archiveVersion = 1;
	classes = {
	};
	objectVersion = 56;
	objects = {

/* Begin PBXBuildFile section */
		9B8150EA2F73EDAD006DF949 /* Assets.xcassets in Resources */ = {isa = PBXBuildFile; fileRef = 9B8150E92F73EDAD006DF949 /* Assets.xcassets */; };
		9B8150ED2F73EDAD006DF949 /* Preview Assets.xcassets in Resources */ = {isa = PBXBuildFile; fileRef = 9B8150EC2F73EDAD006DF949 /* Preview Assets.xcassets */; };
		9B8150F72F73EDAE006DF949 /* SanguineTests.swift in Sources */ = {isa = PBXBuildFile; fileRef = 9B8150F62F73EDAE006DF949 /* SanguineTests.swift */; };
		9B8151012F73EDAE006DF949 /* SanguineUITests.swift in Sources */ = {isa = PBXBuildFile; fileRef = 9B8151002F73EDAE006DF949 /* SanguineUITests.swift */; };
		9B8151032F73EDAE006DF949 /* SanguineUITestsLaunchTests.swift in Sources */ = {isa = PBXBuildFile; fileRef = 9B8151022F73EDAE006DF949 /* SanguineUITestsLaunchTests.swift */; };
		9B8151182F73EE48006DF949 /* SettingsView.swift in Sources */ = {isa = PBXBuildFile; fileRef = 9B8151102F73EE47006DF949 /* SettingsView.swift */; };
		9B8151192F73EE48006DF949 /* CSVImporter.swift in Sources */ = {isa = PBXBuildFile; fileRef = 9B8151112F73EE47006DF949 /* CSVImporter.swift */; };
		9BCC00022F73EE48006DF949 /* ChartHelpers.swift in Sources */ = {isa = PBXBuildFile; fileRef = 9BCC00012F73EE47006DF949 /* ChartHelpers.swift */; };
		9B81511A2F73EE48006DF949 /* ReadingsViews.swift in Sources */ = {isa = PBXBuildFile; fileRef = 9B8151122F73EE47006DF949 /* ReadingsViews.swift */; };
		9B81511B2F73EE48006DF949 /* Models.swift in Sources */ = {isa = PBXBuildFile; fileRef = 9B8151132F73EE47006DF949 /* Models.swift */; };
		9B81511C2F73EE48006DF949 /* DoseViews.swift in Sources */ = {isa = PBXBuildFile; fileRef = 9B8151142F73EE47006DF949 /* DoseViews.swift */; };
		9B81511D2F73EE48006DF949 /* ContentView.swift in Sources */ = {isa = PBXBuildFile; fileRef = 9B8151152F73EE47006DF949 /* ContentView.swift */; };
		9B81511E2F73EE48006DF949 /* NotificationManager.swift in Sources */ = {isa = PBXBuildFile; fileRef = 9B8151162F73EE47006DF949 /* NotificationManager.swift */; };
		9B81511F2F73EE48006DF949 /* SanguineApp.swift in Sources */ = {isa = PBXBuildFile; fileRef = 9B8151172F73EE48006DF949 /* SanguineApp.swift */; };
		9B8151202F73EE49006DF949 /* AppDelegate.swift in Sources */ = {isa = PBXBuildFile; fileRef = 9B8151212F73EE49006DF949 /* AppDelegate.swift */; };
		9B8151222F73EE49006DF949 /* SharedContainer.swift in Sources */ = {isa = PBXBuildFile; fileRef = 9B8151232F73EE49006DF949 /* SharedContainer.swift */; };
		9BAA7E2D2F74751500B5FD14 /* WidgetKit.framework in Frameworks */ = {isa = PBXBuildFile; fileRef = 9BAA7E2C2F74751400B5FD14 /* WidgetKit.framework */; };
		9BAA7E442F747700B5FD14 /* WidgetKit.framework in Frameworks */ = {isa = PBXBuildFile; fileRef = 9BAA7E2C2F74751400B5FD14 /* WidgetKit.framework */; };
		9BAA7E2F2F74751500B5FD14 /* SwiftUI.framework in Frameworks */ = {isa = PBXBuildFile; fileRef = 9BAA7E2E2F74751500B5FD14 /* SwiftUI.framework */; };
		9BAA7E322F74751500B5FD14 /* SanguineWidgetBundle.swift in Sources */ = {isa = PBXBuildFile; fileRef = 9BAA7E312F74751500B5FD14 /* SanguineWidgetBundle.swift */; };
		9BAA7E362F74751900B5FD14 /* Assets.xcassets in Resources */ = {isa = PBXBuildFile; fileRef = 9BAA7E352F74751900B5FD14 /* Assets.xcassets */; };
		9BAA7E3A2F74751900B5FD14 /* SanguineWidgetExtension.appex in Embed Foundation Extensions */ = {isa = PBXBuildFile; fileRef = 9BAA7E2A2F74751400B5FD14 /* SanguineWidgetExtension.appex */; settings = {ATTRIBUTES = (RemoveHeadersOnCopy, ); }; };
		9BAA7E402F7475F900B5FD14 /* SharedContainer.swift in Sources */ = {isa = PBXBuildFile; fileRef = 9B8151232F73EE49006DF949 /* SharedContainer.swift */; };
		9BAA7E412F747600B5FD14 /* SanguineWidget.swift in Sources */ = {isa = PBXBuildFile; fileRef = 9BAA7E432F747600B5FD14 /* SanguineWidget.swift */; };
		9BAA7E422F747600B5FD14 /* Models.swift in Sources */ = {isa = PBXBuildFile; fileRef = 9B8151132F73EE47006DF949 /* Models.swift */; };
/* End PBXBuildFile section */

/* Begin PBXContainerItemProxy section */
		9B8150F32F73EDAE006DF949 /* PBXContainerItemProxy */ = {
			isa = PBXContainerItemProxy;
			containerPortal = 9B8150D82F73EDA9006DF949 /* Project object */;
			proxyType = 1;
			remoteGlobalIDString = 9B8150DF2F73EDA9006DF949;
			remoteInfo = Sanguine;
		};
		9B8150FD2F73EDAE006DF949 /* PBXContainerItemProxy */ = {
			isa = PBXContainerItemProxy;
			containerPortal = 9B8150D82F73EDA9006DF949 /* Project object */;
			proxyType = 1;
			remoteGlobalIDString = 9B8150DF2F73EDA9006DF949;
			remoteInfo = Sanguine;
		};
		9BAA7E382F74751900B5FD14 /* PBXContainerItemProxy */ = {
			isa = PBXContainerItemProxy;
			containerPortal = 9B8150D82F73EDA9006DF949 /* Project object */;
			proxyType = 1;
			remoteGlobalIDString = 9BAA7E292F74751400B5FD14;
			remoteInfo = SanguineWidgetExtension;
		};
/* End PBXContainerItemProxy section */

/* Begin PBXCopyFilesBuildPhase section */
		9BAA7E3B2F74751900B5FD14 /* Embed Foundation Extensions */ = {
			isa = PBXCopyFilesBuildPhase;
			buildActionMask = 2147483647;
			dstPath = "";
			dstSubfolderSpec = 13;
			files = (
				9BAA7E3A2F74751900B5FD14 /* SanguineWidgetExtension.appex in Embed Foundation Extensions */,
			);
			name = "Embed Foundation Extensions";
			runOnlyForDeploymentPostprocessing = 0;
		};
/* End PBXCopyFilesBuildPhase section */

/* Begin PBXFileReference section */
		9B8150E02F73EDA9006DF949 /* Sanguine.app */ = {isa = PBXFileReference; explicitFileType = wrapper.application; includeInIndex = 0; path = Sanguine.app; sourceTree = BUILT_PRODUCTS_DIR; };
		9B8150E92F73EDAD006DF949 /* Assets.xcassets */ = {isa = PBXFileReference; lastKnownFileType = folder.assetcatalog; path = Assets.xcassets; sourceTree = "<group>"; };
		9B8150EC2F73EDAD006DF949 /* Preview Assets.xcassets */ = {isa = PBXFileReference; lastKnownFileType = folder.assetcatalog; path = "Preview Assets.xcassets"; sourceTree = "<group>"; };
		9B8150F22F73EDAE006DF949 /* SanguineTests.xctest */ = {isa = PBXFileReference; explicitFileType = wrapper.cfbundle; includeInIndex = 0; path = SanguineTests.xctest; sourceTree = BUILT_PRODUCTS_DIR; };
		9B8150F62F73EDAE006DF949 /* SanguineTests.swift */ = {isa = PBXFileReference; lastKnownFileType = sourcecode.swift; path = SanguineTests.swift; sourceTree = "<group>"; };
		9B8150FC2F73EDAE006DF949 /* SanguineUITests.xctest */ = {isa = PBXFileReference; explicitFileType = wrapper.cfbundle; includeInIndex = 0; path = SanguineUITests.xctest; sourceTree = BUILT_PRODUCTS_DIR; };
		9B8151002F73EDAE006DF949 /* SanguineUITests.swift */ = {isa = PBXFileReference; lastKnownFileType = sourcecode.swift; path = SanguineUITests.swift; sourceTree = "<group>"; };
		9B8151022F73EDAE006DF949 /* SanguineUITestsLaunchTests.swift */ = {isa = PBXFileReference; lastKnownFileType = sourcecode.swift; path = SanguineUITestsLaunchTests.swift; sourceTree = "<group>"; };
		9B81510F2F73EE47006DF949 /* Sanguine-Bridging-Header.h */ = {isa = PBXFileReference; lastKnownFileType = sourcecode.c.h; path = "Sanguine-Bridging-Header.h"; sourceTree = "<group>"; };
		9B0000002F99000000000001 /* Info.plist */ = {isa = PBXFileReference; lastKnownFileType = text.plist.xml; path = Info.plist; sourceTree = "<group>"; };
		9B8151102F73EE47006DF949 /* SettingsView.swift */ = {isa = PBXFileReference; fileEncoding = 4; lastKnownFileType = sourcecode.swift; path = SettingsView.swift; sourceTree = "<group>"; };
		9B8151112F73EE47006DF949 /* CSVImporter.swift */ = {isa = PBXFileReference; fileEncoding = 4; lastKnownFileType = sourcecode.swift; path = CSVImporter.swift; sourceTree = "<group>"; };
		9BCC00012F73EE47006DF949 /* ChartHelpers.swift */ = {isa = PBXFileReference; fileEncoding = 4; lastKnownFileType = sourcecode.swift; path = ChartHelpers.swift; sourceTree = "<group>"; };
		9B8151122F73EE47006DF949 /* ReadingsViews.swift */ = {isa = PBXFileReference; fileEncoding = 4; lastKnownFileType = sourcecode.swift; path = ReadingsViews.swift; sourceTree = "<group>"; };
		9B8151132F73EE47006DF949 /* Models.swift */ = {isa = PBXFileReference; fileEncoding = 4; lastKnownFileType = sourcecode.swift; path = Models.swift; sourceTree = "<group>"; };
		9B8151142F73EE47006DF949 /* DoseViews.swift */ = {isa = PBXFileReference; fileEncoding = 4; lastKnownFileType = sourcecode.swift; path = DoseViews.swift; sourceTree = "<group>"; };
		9B8151152F73EE47006DF949 /* ContentView.swift */ = {isa = PBXFileReference; fileEncoding = 4; lastKnownFileType = sourcecode.swift; path = ContentView.swift; sourceTree = "<group>"; };
		9B8151162F73EE47006DF949 /* NotificationManager.swift */ = {isa = PBXFileReference; fileEncoding = 4; lastKnownFileType = sourcecode.swift; path = NotificationManager.swift; sourceTree = "<group>"; };
		9B8151172F73EE48006DF949 /* SanguineApp.swift */ = {isa = PBXFileReference; fileEncoding = 4; lastKnownFileType = sourcecode.swift; path = SanguineApp.swift; sourceTree = "<group>"; };
		9B8151212F73EE49006DF949 /* AppDelegate.swift */ = {isa = PBXFileReference; fileEncoding = 4; lastKnownFileType = sourcecode.swift; path = AppDelegate.swift; sourceTree = "<group>"; };
		9B8151232F73EE49006DF949 /* SharedContainer.swift */ = {isa = PBXFileReference; fileEncoding = 4; lastKnownFileType = sourcecode.swift; path = SharedContainer.swift; sourceTree = "<group>"; };
		9B8151242F73EE49006DF949 /* Sanguine.entitlements */ = {isa = PBXFileReference; lastKnownFileType = text.plist.entitlements; path = Sanguine.entitlements; sourceTree = "<group>"; };
		9BAA7E2A2F74751400B5FD14 /* SanguineWidgetExtension.appex */ = {isa = PBXFileReference; explicitFileType = "wrapper.app-extension"; includeInIndex = 0; path = SanguineWidgetExtension.appex; sourceTree = BUILT_PRODUCTS_DIR; };
		9BAA7E2C2F74751400B5FD14 /* WidgetKit.framework */ = {isa = PBXFileReference; lastKnownFileType = wrapper.framework; name = WidgetKit.framework; path = System/Library/Frameworks/WidgetKit.framework; sourceTree = SDKROOT; };
		9BAA7E2E2F74751500B5FD14 /* SwiftUI.framework */ = {isa = PBXFileReference; lastKnownFileType = wrapper.framework; name = SwiftUI.framework; path = System/Library/Frameworks/SwiftUI.framework; sourceTree = SDKROOT; };
		9BAA7E312F74751500B5FD14 /* SanguineWidgetBundle.swift */ = {isa = PBXFileReference; lastKnownFileType = sourcecode.swift; path = SanguineWidgetBundle.swift; sourceTree = "<group>"; };
		9BAA7E432F747600B5FD14 /* SanguineWidget.swift */ = {isa = PBXFileReference; lastKnownFileType = sourcecode.swift; path = SanguineWidget.swift; sourceTree = "<group>"; };
		9BAA7E352F74751900B5FD14 /* Assets.xcassets */ = {isa = PBXFileReference; lastKnownFileType = folder.assetcatalog; path = Assets.xcassets; sourceTree = "<group>"; };
		9BAA7E372F74751900B5FD14 /* Info.plist */ = {isa = PBXFileReference; lastKnownFileType = text.plist.xml; path = Info.plist; sourceTree = "<group>"; };
/* End PBXFileReference section */

/* Begin PBXFrameworksBuildPhase section */
		9B8150DD2F73EDA9006DF949 /* Frameworks */ = {
			isa = PBXFrameworksBuildPhase;
			buildActionMask = 2147483647;
			files = (
				9BAA7E442F747700B5FD14 /* WidgetKit.framework in Frameworks */,
			);
			runOnlyForDeploymentPostprocessing = 0;
		};
		9B8150EF2F73EDAE006DF949 /* Frameworks */ = {
			isa = PBXFrameworksBuildPhase;
			buildActionMask = 2147483647;
			files = (
			);
			runOnlyForDeploymentPostprocessing = 0;
		};
		9B8150F92F73EDAE006DF949 /* Frameworks */ = {
			isa = PBXFrameworksBuildPhase;
			buildActionMask = 2147483647;
			files = (
			);
			runOnlyForDeploymentPostprocessing = 0;
		};
		9BAA7E272F74751400B5FD14 /* Frameworks */ = {
			isa = PBXFrameworksBuildPhase;
			buildActionMask = 2147483647;
			files = (
				9BAA7E2F2F74751500B5FD14 /* SwiftUI.framework in Frameworks */,
				9BAA7E2D2F74751500B5FD14 /* WidgetKit.framework in Frameworks */,
			);
			runOnlyForDeploymentPostprocessing = 0;
		};
/* End PBXFrameworksBuildPhase section */

/* Begin PBXGroup section */
		9B8150D72F73EDA9006DF949 = {
			isa = PBXGroup;
			children = (
					9B8150E22F73EDA9006DF949 /* Sanguine */,
				9B8150F52F73EDAE006DF949 /* SanguineTests */,
				9B8150FF2F73EDAE006DF949 /* SanguineUITests */,
				9BAA7E302F74751500B5FD14 /* SanguineWidget */,
				9BAA7E2B2F74751400B5FD14 /* Frameworks */,
				9B8150E12F73EDA9006DF949 /* Products */,
			);
			sourceTree = "<group>";
		};
		9B8150E12F73EDA9006DF949 /* Products */ = {
			isa = PBXGroup;
			children = (
				9B8150E02F73EDA9006DF949 /* Sanguine.app */,
				9B8150F22F73EDAE006DF949 /* SanguineTests.xctest */,
				9B8150FC2F73EDAE006DF949 /* SanguineUITests.xctest */,
				9BAA7E2A2F74751400B5FD14 /* SanguineWidgetExtension.appex */,
			);
			name = Products;
			sourceTree = "<group>";
		};
		9B8150E22F73EDA9006DF949 /* Sanguine */ = {
			isa = PBXGroup;
			children = (
				9B8151172F73EE48006DF949 /* SanguineApp.swift */,
				9B8151212F73EE49006DF949 /* AppDelegate.swift */,
				9B8151232F73EE49006DF949 /* SharedContainer.swift */,
				9B8151242F73EE49006DF949 /* Sanguine.entitlements */,
				9B0000002F99000000000001 /* Info.plist */,
				9B8151152F73EE47006DF949 /* ContentView.swift */,
				9B8151132F73EE47006DF949 /* Models.swift */,
				9BCC00012F73EE47006DF949 /* ChartHelpers.swift */,
				9B8151122F73EE47006DF949 /* ReadingsViews.swift */,
				9B8151142F73EE47006DF949 /* DoseViews.swift */,
				9B8151102F73EE47006DF949 /* SettingsView.swift */,
				9B8151112F73EE47006DF949 /* CSVImporter.swift */,
				9B8151162F73EE47006DF949 /* NotificationManager.swift */,
				9B81510F2F73EE47006DF949 /* Sanguine-Bridging-Header.h */,
				9B8150E92F73EDAD006DF949 /* Assets.xcassets */,
				9B8150EB2F73EDAD006DF949 /* Preview Content */,
			);
			path = Sanguine;
			sourceTree = "<group>";
		};
		9B8150EB2F73EDAD006DF949 /* Preview Content */ = {
			isa = PBXGroup;
			children = (
				9B8150EC2F73EDAD006DF949 /* Preview Assets.xcassets */,
			);
			path = "Preview Content";
			sourceTree = "<group>";
		};
		9B8150F52F73EDAE006DF949 /* SanguineTests */ = {
			isa = PBXGroup;
			children = (
				9B8150F62F73EDAE006DF949 /* SanguineTests.swift */,
			);
			path = SanguineTests;
			sourceTree = "<group>";
		};
		9B8150FF2F73EDAE006DF949 /* SanguineUITests */ = {
			isa = PBXGroup;
			children = (
				9B8151002F73EDAE006DF949 /* SanguineUITests.swift */,
				9B8151022F73EDAE006DF949 /* SanguineUITestsLaunchTests.swift */,
			);
			path = SanguineUITests;
			sourceTree = "<group>";
		};
		9BAA7E2B2F74751400B5FD14 /* Frameworks */ = {
			isa = PBXGroup;
			children = (
				9BAA7E2C2F74751400B5FD14 /* WidgetKit.framework */,
				9BAA7E2E2F74751500B5FD14 /* SwiftUI.framework */,
			);
			name = Frameworks;
			sourceTree = "<group>";
		};
		9BAA7E302F74751500B5FD14 /* SanguineWidget */ = {
			isa = PBXGroup;
			children = (
				9BAA7E432F747600B5FD14 /* SanguineWidget.swift */,
				9BAA7E312F74751500B5FD14 /* SanguineWidgetBundle.swift */,
				9BAA7E352F74751900B5FD14 /* Assets.xcassets */,
				9BAA7E372F74751900B5FD14 /* Info.plist */,
			);
			path = SanguineWidget;
			sourceTree = "<group>";
		};
/* End PBXGroup section */

/* Begin PBXNativeTarget section */
		9B8150DF2F73EDA9006DF949 /* Sanguine */ = {
			isa = PBXNativeTarget;
			buildConfigurationList = 9B8151062F73EDAE006DF949 /* Build configuration list for PBXNativeTarget "Sanguine" */;
			buildPhases = (
				9B8150DC2F73EDA9006DF949 /* Sources */,
				9B8150DD2F73EDA9006DF949 /* Frameworks */,
				9B8150DE2F73EDA9006DF949 /* Resources */,
				9BAA7E3B2F74751900B5FD14 /* Embed Foundation Extensions */,
			);
			buildRules = (
			);
			dependencies = (
				9BAA7E392F74751900B5FD14 /* PBXTargetDependency */,
			);
			name = Sanguine;
			productName = Sanguine;
			productReference = 9B8150E02F73EDA9006DF949 /* Sanguine.app */;
			productType = "com.apple.product-type.application";
		};
		9B8150F12F73EDAE006DF949 /* SanguineTests */ = {
			isa = PBXNativeTarget;
			buildConfigurationList = 9B8151092F73EDAE006DF949 /* Build configuration list for PBXNativeTarget "SanguineTests" */;
			buildPhases = (
				9B8150EE2F73EDAE006DF949 /* Sources */,
				9B8150EF2F73EDAE006DF949 /* Frameworks */,
				9B8150F02F73EDAE006DF949 /* Resources */,
			);
			buildRules = (
			);
			dependencies = (
				9B8150F42F73EDAE006DF949 /* PBXTargetDependency */,
			);
			name = SanguineTests;
			productName = SanguineTests;
			productReference = 9B8150F22F73EDAE006DF949 /* SanguineTests.xctest */;
			productType = "com.apple.product-type.bundle.unit-test";
		};
		9B8150FB2F73EDAE006DF949 /* SanguineUITests */ = {
			isa = PBXNativeTarget;
			buildConfigurationList = 9B81510C2F73EDAE006DF949 /* Build configuration list for PBXNativeTarget "SanguineUITests" */;
			buildPhases = (
				9B8150F82F73EDAE006DF949 /* Sources */,
				9B8150F92F73EDAE006DF949 /* Frameworks */,
				9B8150FA2F73EDAE006DF949 /* Resources */,
			);
			buildRules = (
			);
			dependencies = (
				9B8150FE2F73EDAE006DF949 /* PBXTargetDependency */,
			);
			name = SanguineUITests;
			productName = SanguineUITests;
			productReference = 9B8150FC2F73EDAE006DF949 /* SanguineUITests.xctest */;
			productType = "com.apple.product-type.bundle.ui-testing";
		};
		9BAA7E292F74751400B5FD14 /* SanguineWidgetExtension */ = {
			isa = PBXNativeTarget;
			buildConfigurationList = 9BAA7E3E2F74751900B5FD14 /* Build configuration list for PBXNativeTarget "SanguineWidgetExtension" */;
			buildPhases = (
				9BAA7E262F74751400B5FD14 /* Sources */,
				9BAA7E272F74751400B5FD14 /* Frameworks */,
				9BAA7E282F74751400B5FD14 /* Resources */,
			);
			buildRules = (
			);
			dependencies = (
			);
			name = SanguineWidgetExtension;
			productName = SanguineWidgetExtension;
			productReference = 9BAA7E2A2F74751400B5FD14 /* SanguineWidgetExtension.appex */;
			productType = "com.apple.product-type.app-extension";
		};
/* End PBXNativeTarget section */

/* Begin PBXProject section */
		9B8150D82F73EDA9006DF949 /* Project object */ = {
			isa = PBXProject;
			attributes = {
				BuildIndependentTargetsInParallel = 1;
				LastSwiftUpdateCheck = 1520;
				LastUpgradeCheck = 1520;
				TargetAttributes = {
					9B8150DF2F73EDA9006DF949 = {
						CreatedOnToolsVersion = 15.2;
						LastSwiftMigration = 1520;
					};
					9B8150F12F73EDAE006DF949 = {
						CreatedOnToolsVersion = 15.2;
						TestTargetID = 9B8150DF2F73EDA9006DF949;
					};
					9B8150FB2F73EDAE006DF949 = {
						CreatedOnToolsVersion = 15.2;
						TestTargetID = 9B8150DF2F73EDA9006DF949;
					};
					9BAA7E292F74751400B5FD14 = {
						CreatedOnToolsVersion = 15.2;
					};
				};
			};
			buildConfigurationList = 9B8150DB2F73EDA9006DF949 /* Build configuration list for PBXProject "Sanguine" */;
			compatibilityVersion = "Xcode 14.0";
			developmentRegion = en;
			hasScannedForEncodings = 0;
			knownRegions = (
				en,
				Base,
			);
			mainGroup = 9B8150D72F73EDA9006DF949;
			productRefGroup = 9B8150E12F73EDA9006DF949 /* Products */;
			projectDirPath = "";
			projectRoot = "";
			targets = (
				9B8150DF2F73EDA9006DF949 /* Sanguine */,
				9B8150F12F73EDAE006DF949 /* SanguineTests */,
				9B8150FB2F73EDAE006DF949 /* SanguineUITests */,
				9BAA7E292F74751400B5FD14 /* SanguineWidgetExtension */,
			);
		};
/* End PBXProject section */

/* Begin PBXResourcesBuildPhase section */
		9B8150DE2F73EDA9006DF949 /* Resources */ = {
			isa = PBXResourcesBuildPhase;
			buildActionMask = 2147483647;
			files = (
				9B8150ED2F73EDAD006DF949 /* Preview Assets.xcassets in Resources */,
				9B8150EA2F73EDAD006DF949 /* Assets.xcassets in Resources */,
			);
			runOnlyForDeploymentPostprocessing = 0;
		};
		9B8150F02F73EDAE006DF949 /* Resources */ = {
			isa = PBXResourcesBuildPhase;
			buildActionMask = 2147483647;
			files = (
			);
			runOnlyForDeploymentPostprocessing = 0;
		};
		9B8150FA2F73EDAE006DF949 /* Resources */ = {
			isa = PBXResourcesBuildPhase;
			buildActionMask = 2147483647;
			files = (
			);
			runOnlyForDeploymentPostprocessing = 0;
		};
		9BAA7E282F74751400B5FD14 /* Resources */ = {
			isa = PBXResourcesBuildPhase;
			buildActionMask = 2147483647;
			files = (
				9BAA7E362F74751900B5FD14 /* Assets.xcassets in Resources */,
			);
			runOnlyForDeploymentPostprocessing = 0;
		};
/* End PBXResourcesBuildPhase section */

/* Begin PBXSourcesBuildPhase section */
		9B8150DC2F73EDA9006DF949 /* Sources */ = {
			isa = PBXSourcesBuildPhase;
			buildActionMask = 2147483647;
			files = (
				9B8151192F73EE48006DF949 /* CSVImporter.swift in Sources */,
				9B81511F2F73EE48006DF949 /* SanguineApp.swift in Sources */,
				9B8151202F73EE49006DF949 /* AppDelegate.swift in Sources */,
				9BCC00022F73EE48006DF949 /* ChartHelpers.swift in Sources */,
				9B81511A2F73EE48006DF949 /* ReadingsViews.swift in Sources */,
				9B81511D2F73EE48006DF949 /* ContentView.swift in Sources */,
				9B8151182F73EE48006DF949 /* SettingsView.swift in Sources */,
				9B81511E2F73EE48006DF949 /* NotificationManager.swift in Sources */,
				9B81511B2F73EE48006DF949 /* Models.swift in Sources */,
				9B81511C2F73EE48006DF949 /* DoseViews.swift in Sources */,
				9B8151222F73EE49006DF949 /* SharedContainer.swift in Sources */,
			);
			runOnlyForDeploymentPostprocessing = 0;
		};
		9B8150EE2F73EDAE006DF949 /* Sources */ = {
			isa = PBXSourcesBuildPhase;
			buildActionMask = 2147483647;
			files = (
				9B8150F72F73EDAE006DF949 /* SanguineTests.swift in Sources */,
			);
			runOnlyForDeploymentPostprocessing = 0;
		};
		9B8150F82F73EDAE006DF949 /* Sources */ = {
			isa = PBXSourcesBuildPhase;
			buildActionMask = 2147483647;
			files = (
				9B8151032F73EDAE006DF949 /* SanguineUITestsLaunchTests.swift in Sources */,
				9B8151012F73EDAE006DF949 /* SanguineUITests.swift in Sources */,
			);
			runOnlyForDeploymentPostprocessing = 0;
		};
		9BAA7E262F74751400B5FD14 /* Sources */ = {
			isa = PBXSourcesBuildPhase;
			buildActionMask = 2147483647;
			files = (
				9BAA7E402F7475F900B5FD14 /* SharedContainer.swift in Sources */,
				9BAA7E412F747600B5FD14 /* SanguineWidget.swift in Sources */,
				9BAA7E422F747600B5FD14 /* Models.swift in Sources */,
				9BAA7E322F74751500B5FD14 /* SanguineWidgetBundle.swift in Sources */,
			);
			runOnlyForDeploymentPostprocessing = 0;
		};
/* End PBXSourcesBuildPhase section */

/* Begin PBXTargetDependency section */
		9B8150F42F73EDAE006DF949 /* PBXTargetDependency */ = {
			isa = PBXTargetDependency;
			target = 9B8150DF2F73EDA9006DF949 /* Sanguine */;
			targetProxy = 9B8150F32F73EDAE006DF949 /* PBXContainerItemProxy */;
		};
		9B8150FE2F73EDAE006DF949 /* PBXTargetDependency */ = {
			isa = PBXTargetDependency;
			target = 9B8150DF2F73EDA9006DF949 /* Sanguine */;
			targetProxy = 9B8150FD2F73EDAE006DF949 /* PBXContainerItemProxy */;
		};
		9BAA7E392F74751900B5FD14 /* PBXTargetDependency */ = {
			isa = PBXTargetDependency;
			target = 9BAA7E292F74751400B5FD14 /* SanguineWidgetExtension */;
			targetProxy = 9BAA7E382F74751900B5FD14 /* PBXContainerItemProxy */;
		};
/* End PBXTargetDependency section */

/* Begin XCBuildConfiguration section */
		9B8151042F73EDAE006DF949 /* Debug */ = {
			isa = XCBuildConfiguration;
			buildSettings = {
				ALWAYS_SEARCH_USER_PATHS = NO;
				ASSETCATALOG_COMPILER_GENERATE_SWIFT_ASSET_SYMBOL_EXTENSIONS = YES;
				CLANG_ANALYZER_NONNULL = YES;
				CLANG_ANALYZER_NUMBER_OBJECT_CONVERSION = YES_AGGRESSIVE;
				CLANG_CXX_LANGUAGE_STANDARD = "gnu++20";
				CLANG_ENABLE_MODULES = YES;
				CLANG_ENABLE_OBJC_ARC = YES;
				CLANG_ENABLE_OBJC_WEAK = YES;
				CLANG_WARN_BLOCK_CAPTURE_AUTORELEASING = YES;
				CLANG_WARN_BOOL_CONVERSION = YES;
				CLANG_WARN_COMMA = YES;
				CLANG_WARN_CONSTANT_CONVERSION = YES;
				CLANG_WARN_DEPRECATED_OBJC_IMPLEMENTATIONS = YES;
				CLANG_WARN_DIRECT_OBJC_ISA_USAGE = YES_ERROR;
				CLANG_WARN_DOCUMENTATION_COMMENTS = YES;
				CLANG_WARN_EMPTY_BODY = YES;
				CLANG_WARN_ENUM_CONVERSION = YES;
				CLANG_WARN_INFINITE_RECURSION = YES;
				CLANG_WARN_INT_CONVERSION = YES;
				CLANG_WARN_NON_LITERAL_NULL_CONVERSION = YES;
				CLANG_WARN_OBJC_IMPLICIT_RETAIN_SELF = YES;
				CLANG_WARN_OBJC_LITERAL_CONVERSION = YES;
				CLANG_WARN_OBJC_ROOT_CLASS = YES_ERROR;
				CLANG_WARN_QUOTED_INCLUDE_IN_FRAMEWORK_HEADER = YES;
				CLANG_WARN_RANGE_LOOP_ANALYSIS = YES;
				CLANG_WARN_STRICT_PROTOTYPES = YES;
				CLANG_WARN_SUSPICIOUS_MOVE = YES;
				CLANG_WARN_UNGUARDED_AVAILABILITY = YES_AGGRESSIVE;
				CLANG_WARN_UNREACHABLE_CODE = YES;
				CLANG_WARN__DUPLICATE_METHOD_MATCH = YES;
				COPY_PHASE_STRIP = NO;
				DEBUG_INFORMATION_FORMAT = dwarf;
				ENABLE_STRICT_OBJC_MSGSEND = YES;
				ENABLE_TESTABILITY = YES;
				ENABLE_USER_SCRIPT_SANDBOXING = YES;
				GCC_C_LANGUAGE_STANDARD = gnu17;
				GCC_DYNAMIC_NO_PIC = NO;
				GCC_NO_COMMON_BLOCKS = YES;
				GCC_OPTIMIZATION_LEVEL = 0;
				GCC_PREPROCESSOR_DEFINITIONS = (
					"DEBUG=1",
					"$(inherited)",
				);
				GCC_WARN_64_TO_32_BIT_CONVERSION = YES;
				GCC_WARN_ABOUT_RETURN_TYPE = YES_ERROR;
				GCC_WARN_UNDECLARED_SELECTOR = YES;
				GCC_WARN_UNINITIALIZED_AUTOS = YES_AGGRESSIVE;
				GCC_WARN_UNUSED_FUNCTION = YES;
				GCC_WARN_UNUSED_VARIABLE = YES;
				IPHONEOS_DEPLOYMENT_TARGET = 17.2;
				LOCALIZATION_PREFERS_STRING_CATALOGS = YES;
				MTL_ENABLE_DEBUG_INFO = INCLUDE_SOURCE;
				MTL_FAST_MATH = YES;
				ONLY_ACTIVE_ARCH = YES;
				SDKROOT = iphoneos;
				SWIFT_ACTIVE_COMPILATION_CONDITIONS = "DEBUG $(inherited)";
				SWIFT_OPTIMIZATION_LEVEL = "-Onone";
			};
			name = Debug;
		};
		9B8151052F73EDAE006DF949 /* Release */ = {
			isa = XCBuildConfiguration;
			buildSettings = {
				ALWAYS_SEARCH_USER_PATHS = NO;
				ASSETCATALOG_COMPILER_GENERATE_SWIFT_ASSET_SYMBOL_EXTENSIONS = YES;
				CLANG_ANALYZER_NONNULL = YES;
				CLANG_ANALYZER_NUMBER_OBJECT_CONVERSION = YES_AGGRESSIVE;
				CLANG_CXX_LANGUAGE_STANDARD = "gnu++20";
				CLANG_ENABLE_MODULES = YES;
				CLANG_ENABLE_OBJC_ARC = YES;
				CLANG_ENABLE_OBJC_WEAK = YES;
				CLANG_WARN_BLOCK_CAPTURE_AUTORELEASING = YES;
				CLANG_WARN_BOOL_CONVERSION = YES;
				CLANG_WARN_COMMA = YES;
				CLANG_WARN_CONSTANT_CONVERSION = YES;
				CLANG_WARN_DEPRECATED_OBJC_IMPLEMENTATIONS = YES;
				CLANG_WARN_DIRECT_OBJC_ISA_USAGE = YES_ERROR;
				CLANG_WARN_DOCUMENTATION_COMMENTS = YES;
				CLANG_WARN_EMPTY_BODY = YES;
				CLANG_WARN_ENUM_CONVERSION = YES;
				CLANG_WARN_INFINITE_RECURSION = YES;
				CLANG_WARN_INT_CONVERSION = YES;
				CLANG_WARN_NON_LITERAL_NULL_CONVERSION = YES;
				CLANG_WARN_OBJC_IMPLICIT_RETAIN_SELF = YES;
				CLANG_WARN_OBJC_LITERAL_CONVERSION = YES;
				CLANG_WARN_OBJC_ROOT_CLASS = YES_ERROR;
				CLANG_WARN_QUOTED_INCLUDE_IN_FRAMEWORK_HEADER = YES;
				CLANG_WARN_RANGE_LOOP_ANALYSIS = YES;
				CLANG_WARN_STRICT_PROTOTYPES = YES;
				CLANG_WARN_SUSPICIOUS_MOVE = YES;
				CLANG_WARN_UNGUARDED_AVAILABILITY = YES_AGGRESSIVE;
				CLANG_WARN_UNREACHABLE_CODE = YES;
				CLANG_WARN__DUPLICATE_METHOD_MATCH = YES;
				COPY_PHASE_STRIP = NO;
				DEBUG_INFORMATION_FORMAT = "dwarf-with-dsym";
				ENABLE_NS_ASSERTIONS = NO;
				ENABLE_STRICT_OBJC_MSGSEND = YES;
				ENABLE_USER_SCRIPT_SANDBOXING = YES;
				GCC_C_LANGUAGE_STANDARD = gnu17;
				GCC_NO_COMMON_BLOCKS = YES;
				GCC_WARN_64_TO_32_BIT_CONVERSION = YES;
				GCC_WARN_ABOUT_RETURN_TYPE = YES_ERROR;
				GCC_WARN_UNDECLARED_SELECTOR = YES;
				GCC_WARN_UNINITIALIZED_AUTOS = YES_AGGRESSIVE;
				GCC_WARN_UNUSED_FUNCTION = YES;
				GCC_WARN_UNUSED_VARIABLE = YES;
				IPHONEOS_DEPLOYMENT_TARGET = 17.2;
				LOCALIZATION_PREFERS_STRING_CATALOGS = YES;
				MTL_ENABLE_DEBUG_INFO = NO;
				MTL_FAST_MATH = YES;
				SDKROOT = iphoneos;
				SWIFT_COMPILATION_MODE = wholemodule;
				VALIDATE_PRODUCT = YES;
			};
			name = Release;
		};
		9B8151072F73EDAE006DF949 /* Debug */ = {
			isa = XCBuildConfiguration;
			buildSettings = {
				ALWAYS_EMBED_SWIFT_STANDARD_LIBRARIES = YES;
				ASSETCATALOG_COMPILER_APPICON_NAME = AppIcon;
				ASSETCATALOG_COMPILER_GLOBAL_ACCENT_COLOR_NAME = AccentColor;
				CLANG_ENABLE_MODULES = YES;
				CODE_SIGN_ENTITLEMENTS = Sanguine/Sanguine.entitlements;
				CODE_SIGN_STYLE = Automatic;
				CURRENT_PROJECT_VERSION = 1;
				DEVELOPMENT_ASSET_PATHS = "\"Sanguine/Preview Content\"";
				DEVELOPMENT_TEAM = 4DTYZA3KVS;
				ENABLE_PREVIEWS = YES;
				GENERATE_INFOPLIST_FILE = YES;
				INFOPLIST_FILE = Sanguine/Info.plist;
				INFOPLIST_KEY_UIApplicationSceneManifest_Generation = YES;
				INFOPLIST_KEY_UIApplicationSupportsIndirectInputEvents = YES;
				INFOPLIST_KEY_CFBundleDisplayName = Sanguine;
				INFOPLIST_KEY_UILaunchScreen_Generation = YES;
				INFOPLIST_KEY_UISupportedInterfaceOrientations_iPad = "UIInterfaceOrientationPortrait UIInterfaceOrientationPortraitUpsideDown UIInterfaceOrientationLandscapeLeft UIInterfaceOrientationLandscapeRight";
				INFOPLIST_KEY_UISupportedInterfaceOrientations_iPhone = "UIInterfaceOrientationPortrait UIInterfaceOrientationLandscapeLeft UIInterfaceOrientationLandscapeRight";
				LD_RUNPATH_SEARCH_PATHS = (
					"$(inherited)",
					"@executable_path/Frameworks",
				);
				MARKETING_VERSION = 1.4;
				PRODUCT_BUNDLE_IDENTIFIER = com.fhieber.Sanguine;
				PRODUCT_NAME = "$(TARGET_NAME)";
				SWIFT_EMIT_LOC_STRINGS = YES;
				SWIFT_OBJC_BRIDGING_HEADER = "Sanguine/Sanguine-Bridging-Header.h";
				SWIFT_OPTIMIZATION_LEVEL = "-Onone";
				SWIFT_VERSION = 5.0;
				TARGETED_DEVICE_FAMILY = "1,2";
			};
			name = Debug;
		};
		9B8151082F73EDAE006DF949 /* Release */ = {
			isa = XCBuildConfiguration;
			buildSettings = {
				ALWAYS_EMBED_SWIFT_STANDARD_LIBRARIES = YES;
				ASSETCATALOG_COMPILER_APPICON_NAME = AppIcon;
				ASSETCATALOG_COMPILER_GLOBAL_ACCENT_COLOR_NAME = AccentColor;
				CLANG_ENABLE_MODULES = YES;
				CODE_SIGN_ENTITLEMENTS = Sanguine/Sanguine.entitlements;
				CODE_SIGN_IDENTITY = "Apple Distribution";
				CODE_SIGN_STYLE = Manual;
				PROVISIONING_PROFILE_SPECIFIER = "Sanguine App Store";
				CURRENT_PROJECT_VERSION = 1;
				DEVELOPMENT_ASSET_PATHS = "\"Sanguine/Preview Content\"";
				DEVELOPMENT_TEAM = 4DTYZA3KVS;
				ENABLE_PREVIEWS = YES;
				GENERATE_INFOPLIST_FILE = YES;
				INFOPLIST_FILE = Sanguine/Info.plist;
				INFOPLIST_KEY_UIApplicationSceneManifest_Generation = YES;
				INFOPLIST_KEY_UIApplicationSupportsIndirectInputEvents = YES;
				INFOPLIST_KEY_CFBundleDisplayName = Sanguine;
				INFOPLIST_KEY_UILaunchScreen_Generation = YES;
				INFOPLIST_KEY_UISupportedInterfaceOrientations_iPad = "UIInterfaceOrientationPortrait UIInterfaceOrientationPortraitUpsideDown UIInterfaceOrientationLandscapeLeft UIInterfaceOrientationLandscapeRight";
				INFOPLIST_KEY_UISupportedInterfaceOrientations_iPhone = "UIInterfaceOrientationPortrait UIInterfaceOrientationLandscapeLeft UIInterfaceOrientationLandscapeRight";
				LD_RUNPATH_SEARCH_PATHS = (
					"$(inherited)",
					"@executable_path/Frameworks",
				);
				MARKETING_VERSION = 1.4;
				PRODUCT_BUNDLE_IDENTIFIER = com.fhieber.Sanguine;
				PRODUCT_NAME = "$(TARGET_NAME)";
				SWIFT_EMIT_LOC_STRINGS = YES;
				SWIFT_OBJC_BRIDGING_HEADER = "Sanguine/Sanguine-Bridging-Header.h";
				SWIFT_VERSION = 5.0;
				TARGETED_DEVICE_FAMILY = "1,2";
			};
			name = Release;
		};
		9B81510A2F73EDAE006DF949 /* Debug */ = {
			isa = XCBuildConfiguration;
			buildSettings = {
				ALWAYS_EMBED_SWIFT_STANDARD_LIBRARIES = YES;
				BUNDLE_LOADER = "$(TEST_HOST)";
				CODE_SIGN_STYLE = Automatic;
				CURRENT_PROJECT_VERSION = 1;
				DEVELOPMENT_TEAM = 4DTYZA3KVS;
				GENERATE_INFOPLIST_FILE = YES;
				IPHONEOS_DEPLOYMENT_TARGET = 17.2;
				MARKETING_VERSION = 1.4;
				PRODUCT_BUNDLE_IDENTIFIER = fh.SanguineTests;
				PRODUCT_NAME = "$(TARGET_NAME)";
				SWIFT_EMIT_LOC_STRINGS = NO;
				SWIFT_VERSION = 5.0;
				TARGETED_DEVICE_FAMILY = "1,2";
				TEST_HOST = "$(BUILT_PRODUCTS_DIR)/Sanguine.app/$(BUNDLE_EXECUTABLE_FOLDER_PATH)/Sanguine";
			};
			name = Debug;
		};
		9B81510B2F73EDAE006DF949 /* Release */ = {
			isa = XCBuildConfiguration;
			buildSettings = {
				ALWAYS_EMBED_SWIFT_STANDARD_LIBRARIES = YES;
				BUNDLE_LOADER = "$(TEST_HOST)";
				CODE_SIGN_STYLE = Automatic;
				CURRENT_PROJECT_VERSION = 1;
				DEVELOPMENT_TEAM = 4DTYZA3KVS;
				GENERATE_INFOPLIST_FILE = YES;
				IPHONEOS_DEPLOYMENT_TARGET = 17.2;
				MARKETING_VERSION = 1.4;
				PRODUCT_BUNDLE_IDENTIFIER = fh.SanguineTests;
				PRODUCT_NAME = "$(TARGET_NAME)";
				SWIFT_EMIT_LOC_STRINGS = NO;
				SWIFT_VERSION = 5.0;
				TARGETED_DEVICE_FAMILY = "1,2";
				TEST_HOST = "$(BUILT_PRODUCTS_DIR)/Sanguine.app/$(BUNDLE_EXECUTABLE_FOLDER_PATH)/Sanguine";
			};
			name = Release;
		};
		9B81510D2F73EDAE006DF949 /* Debug */ = {
			isa = XCBuildConfiguration;
			buildSettings = {
				ALWAYS_EMBED_SWIFT_STANDARD_LIBRARIES = YES;
				CODE_SIGN_STYLE = Automatic;
				CURRENT_PROJECT_VERSION = 1;
				DEVELOPMENT_TEAM = 4DTYZA3KVS;
				GENERATE_INFOPLIST_FILE = YES;
				MARKETING_VERSION = 1.4;
				PRODUCT_BUNDLE_IDENTIFIER = fh.SanguineUITests;
				PRODUCT_NAME = "$(TARGET_NAME)";
				SWIFT_EMIT_LOC_STRINGS = NO;
				SWIFT_VERSION = 5.0;
				TARGETED_DEVICE_FAMILY = "1,2";
				TEST_TARGET_NAME = Sanguine;
			};
			name = Debug;
		};
		9B81510E2F73EDAE006DF949 /* Release */ = {
			isa = XCBuildConfiguration;
			buildSettings = {
				ALWAYS_EMBED_SWIFT_STANDARD_LIBRARIES = YES;
				CODE_SIGN_STYLE = Automatic;
				CURRENT_PROJECT_VERSION = 1;
				DEVELOPMENT_TEAM = 4DTYZA3KVS;
				GENERATE_INFOPLIST_FILE = YES;
				MARKETING_VERSION = 1.4;
				PRODUCT_BUNDLE_IDENTIFIER = fh.SanguineUITests;
				PRODUCT_NAME = "$(TARGET_NAME)";
				SWIFT_EMIT_LOC_STRINGS = NO;
				SWIFT_VERSION = 5.0;
				TARGETED_DEVICE_FAMILY = "1,2";
				TEST_TARGET_NAME = Sanguine;
			};
			name = Release;
		};
		9BAA7E3C2F74751900B5FD14 /* Debug */ = {
			isa = XCBuildConfiguration;
			buildSettings = {
				ASSETCATALOG_COMPILER_GLOBAL_ACCENT_COLOR_NAME = AccentColor;
				ASSETCATALOG_COMPILER_WIDGET_BACKGROUND_COLOR_NAME = WidgetBackground;
				CODE_SIGN_ENTITLEMENTS = SanguineWidget/SanguineWidget.entitlements;
				CODE_SIGN_STYLE = Automatic;
				CURRENT_PROJECT_VERSION = 1;
				DEVELOPMENT_TEAM = 4DTYZA3KVS;
				GENERATE_INFOPLIST_FILE = YES;
				INFOPLIST_FILE = SanguineWidget/Info.plist;
				INFOPLIST_KEY_CFBundleDisplayName = Sanguine;
				INFOPLIST_KEY_NSHumanReadableCopyright = "";
				LD_RUNPATH_SEARCH_PATHS = (
					"$(inherited)",
					"@executable_path/Frameworks",
					"@executable_path/../../Frameworks",
				);
				MARKETING_VERSION = 1.4;
				PRODUCT_BUNDLE_IDENTIFIER = com.fhieber.Sanguine.SanguineWidget;
				PRODUCT_NAME = "$(TARGET_NAME)";
				SKIP_INSTALL = YES;
				SWIFT_EMIT_LOC_STRINGS = YES;
				SWIFT_VERSION = 5.0;
				TARGETED_DEVICE_FAMILY = "1,2";
			};
			name = Debug;
		};
		9BAA7E3D2F74751900B5FD14 /* Release */ = {
			isa = XCBuildConfiguration;
			buildSettings = {
				ASSETCATALOG_COMPILER_GLOBAL_ACCENT_COLOR_NAME = AccentColor;
				ASSETCATALOG_COMPILER_WIDGET_BACKGROUND_COLOR_NAME = WidgetBackground;
				CODE_SIGN_ENTITLEMENTS = SanguineWidget/SanguineWidget.entitlements;
				CODE_SIGN_IDENTITY = "Apple Distribution";
				CODE_SIGN_STYLE = Manual;
				PROVISIONING_PROFILE_SPECIFIER = "Sanguine Widget App Store";
				CURRENT_PROJECT_VERSION = 1;
				DEVELOPMENT_TEAM = 4DTYZA3KVS;
				GENERATE_INFOPLIST_FILE = YES;
				INFOPLIST_FILE = SanguineWidget/Info.plist;
				INFOPLIST_KEY_CFBundleDisplayName = Sanguine;
				INFOPLIST_KEY_NSHumanReadableCopyright = "";
				LD_RUNPATH_SEARCH_PATHS = (
					"$(inherited)",
					"@executable_path/Frameworks",
					"@executable_path/../../Frameworks",
				);
				MARKETING_VERSION = 1.4;
				PRODUCT_BUNDLE_IDENTIFIER = com.fhieber.Sanguine.SanguineWidget;
				PRODUCT_NAME = "$(TARGET_NAME)";
				SKIP_INSTALL = YES;
				SWIFT_EMIT_LOC_STRINGS = YES;
				SWIFT_VERSION = 5.0;
				TARGETED_DEVICE_FAMILY = "1,2";
			};
			name = Release;
		};
/* End XCBuildConfiguration section */

/* Begin XCConfigurationList section */
		9B8150DB2F73EDA9006DF949 /* Build configuration list for PBXProject "Sanguine" */ = {
			isa = XCConfigurationList;
			buildConfigurations = (
				9B8151042F73EDAE006DF949 /* Debug */,
				9B8151052F73EDAE006DF949 /* Release */,
			);
			defaultConfigurationIsVisible = 0;
			defaultConfigurationName = Release;
		};
		9B8151062F73EDAE006DF949 /* Build configuration list for PBXNativeTarget "Sanguine" */ = {
			isa = XCConfigurationList;
			buildConfigurations = (
				9B8151072F73EDAE006DF949 /* Debug */,
				9B8151082F73EDAE006DF949 /* Release */,
			);
			defaultConfigurationIsVisible = 0;
			defaultConfigurationName = Release;
		};
		9B8151092F73EDAE006DF949 /* Build configuration list for PBXNativeTarget "SanguineTests" */ = {
			isa = XCConfigurationList;
			buildConfigurations = (
				9B81510A2F73EDAE006DF949 /* Debug */,
				9B81510B2F73EDAE006DF949 /* Release */,
			);
			defaultConfigurationIsVisible = 0;
			defaultConfigurationName = Release;
		};
		9B81510C2F73EDAE006DF949 /* Build configuration list for PBXNativeTarget "SanguineUITests" */ = {
			isa = XCConfigurationList;
			buildConfigurations = (
				9B81510D2F73EDAE006DF949 /* Debug */,
				9B81510E2F73EDAE006DF949 /* Release */,
			);
			defaultConfigurationIsVisible = 0;
			defaultConfigurationName = Release;
		};
		9BAA7E3E2F74751900B5FD14 /* Build configuration list for PBXNativeTarget "SanguineWidgetExtension" */ = {
			isa = XCConfigurationList;
			buildConfigurations = (
				9BAA7E3C2F74751900B5FD14 /* Debug */,
				9BAA7E3D2F74751900B5FD14 /* Release */,
			);
			defaultConfigurationIsVisible = 0;
			defaultConfigurationName = Release;
		};
/* End XCConfigurationList section */
	};
	rootObject = 9B8150D82F73EDA9006DF949 /* Project object */;
}
